schema: '2.0'
stages:
  data_ingestion:
    cmd: python3 src/data_ingestion.py
    deps:
    - path: src/data_ingestion.py
      hash: md5
      md5: dd791fbe65db3ef93507e0ff39a2ca46
      size: 3548
    params:
      params.yaml:
        data_ingestion.test_size: 0.3
    outs:
    - path: data/raw
      hash: md5
      md5: 6c14fc5d4581715d0c084959eeff4b01.dir
      size: 479272
      nfiles: 2
  data_preprocessing:
    cmd: python3 src/data_preprocessing.py
    deps:
    - path: data/raw
      hash: md5
      md5: 6c14fc5d4581715d0c084959eeff4b01.dir
      size: 479272
      nfiles: 2
    - path: src/data_preprocessing.py
      hash: md5
      md5: 7decf08c7580e39002d4ea0d808570bf
      size: 3869
    outs:
    - path: data/interim
      hash: md5
      md5: 91d80631b72bc88148c9f0c49789af70.dir
      size: 257220
      nfiles: 2
  feature_engineering:
    cmd: python3 src/feature_engineering.py
    deps:
    - path: data/interim
      hash: md5
      md5: 91d80631b72bc88148c9f0c49789af70.dir
      size: 257220
      nfiles: 2
    - path: src/feature_engineering.py
      hash: md5
      md5: e57c8b9bbc2fc1e27f38fd6e726f9327
      size: 3770
    params:
      params.yaml:
        feature_engineering.max_features: 100
    outs:
    - path: data/processed
      hash: md5
      md5: a90c97227431e2d8959f338ef488aaee.dir
      size: 2312974
      nfiles: 2
  model_building:
    cmd: python3 src/model_building.py
    deps:
    - path: data/processed
      hash: md5
      md5: a90c97227431e2d8959f338ef488aaee.dir
      size: 2312974
      nfiles: 2
    - path: src/model_building.py
      hash: md5
      md5: 17ca7834783a6b2822184e114c2d9980
      size: 4287
    params:
      params.yaml:
        model_building.n_estimators: 30
        model_building.random_state: 2
    outs:
    - path: models/model.pkl
      hash: md5
      md5: 71240536b816ad93159bdc736c983d65
      size: 1391971
  model_evaluation:
    cmd: python3 src/model_evaluation.py
    deps:
    - path: models/model.pkl
      hash: md5
      md5: 71240536b816ad93159bdc736c983d65
      size: 1391971
    - path: src/model_evaluation.py
      hash: md5
      md5: 02728f4641fe0b64476fa7a508591ef6
      size: 4519
    outs:
    - path: reports/metrics.json
      hash: md5
      md5: d89e3e04b6f1803f1e0543d4e9d86362
      size: 140
